
Microsoft Visual Studio Solution File, Format Version 12.00
# Visual Studio Version 17
VisualStudioVersion = 17.5.33414.496
MinimumVisualStudioVersion = 10.0.40219.1
Project("{8BC9CEB8-8B4A-11D0-8D11-00A0C91BC942}") = "ParadigmaOOP_141", "ParadigmaOOP_141\ParadigmaOOP_141.vcxproj", "{DE057A80-11A0-4384-A35A-DD8022DBC83E}"
EndProject
Project("{8BC9CEB8-8B4A-11D0-8D11-00A0C91BC942}") = "Asosiasi", "Asosiasi\Asosiasi.vcxproj", "{1F49B9F0-D1E4-4D77-A12F-2168BCC24813}"
EndProject
Project("{8BC9CEB8-8B4A-11D0-8D11-00A0C91BC942}") = "mainIA", "mainIA\mainIA.vcxproj", "{B2BF114C-986F-402B-BAF1-82357652A8DB}"
EndProject
Project("{8BC9CEB8-8B4A-11D0-8D11-00A0C91BC942}") = "mainJM", "mainJM\mainJM.vcxproj", "{1B66A14F-B42E-43E6-A5F5-5D183B2B6BC6}"
EndProject
Project("{8BC9CEB8-8B4A-11D0-8D11-00A0C91BC942}") = "memberinitlist.cpp", "memberinitlist.cpp\memberinitlist.cpp.vcxproj", "{527821E2-1F89-41B6-9202-37993470CE73}"
EndProject
Global
	GlobalSection(SolutionConfigurationPlatforms) = preSolution
		Debug|x64 = Debug|x64
		Debug|x86 = Debug|x86
		Release|x64 = Release|x64
		Release|x86 = Release|x86
	EndGlobalSection
	GlobalSection(ProjectConfigurationPlatforms) = postSolution
		{DE057A80-11A0-4384-A35A-DD8022DBC83E}.Debug|x64.ActiveCfg = Debug|x64
		{DE057A80-11A0-4384-A35A-DD8022DBC83E}.Debug|x64.Build.0 = Debug|x64
		{DE057A80-11A0-4384-A35A-DD8022DBC83E}.Debug|x86.ActiveCfg = Debug|Win32
		{DE057A80-11A0-4384-A35A-DD8022DBC83E}.Debug|x86.Build.0 = Debug|Win32
		{DE057A80-11A0-4384-A35A-DD8022DBC83E}.Release|x64.ActiveCfg = Release|x64
		{DE057A80-11A0-4384-A35A-DD8022DBC83E}.Release|x64.Build.0 = Release|x64
		{DE057A80-11A0-4384-A35A-DD8022DBC83E}.Release|x86.ActiveCfg = Release|Win32
		{DE057A80-11A0-4384-A35A-DD8022DBC83E}.Release|x86.Build.0 = Release|Win32
		{1F49B9F0-D1E4-4D77-A12F-2168BCC24813}.Debug|x64.ActiveCfg = Debug|x64
		{1F49B9F0-D1E4-4D77-A12F-2168BCC24813}.Debug|x64.Build.0 = Debug|x64
		{1F49B9F0-D1E4-4D77-A12F-2168BCC24813}.Debug|x86.ActiveCfg = Debug|Win32
		{1F49B9F0-D1E4-4D77-A12F-2168BCC24813}.Debug|x86.Build.0 = Debug|Win32
		{1F49B9F0-D1E4-4D77-A12F-2168BCC24813}.Release|x64.ActiveCfg = Release|x64
		{1F49B9F0-D1E4-4D77-A12F-2168BCC24813}.Release|x64.Build.0 = Release|x64
		{1F49B9F0-D1E4-4D77-A12F-2168BCC24813}.Release|x86.ActiveCfg = Release|Win32
		{1F49B9F0-D1E4-4D77-A12F-2168BCC24813}.Release|x86.Build.0 = Release|Win32
		{B2BF114C-986F-402B-BAF1-82357652A8DB}.Debug|x64.ActiveCfg = Debug|x64
		{B2BF114C-986F-402B-BAF1-82357652A8DB}.Debug|x64.Build.0 = Debug|x64
		{B2BF114C-986F-402B-BAF1-82357652A8DB}.Debug|x86.ActiveCfg = Debug|Win32
		{B2BF114C-986F-402B-BAF1-82357652A8DB}.Debug|x86.Build.0 = Debug|Win32
		{B2BF114C-986F-402B-BAF1-82357652A8DB}.Release|x64.ActiveCfg = Release|x64
		{B2BF114C-986F-402B-BAF1-82357652A8DB}.Release|x64.Build.0 = Release|x64
		{B2BF114C-986F-402B-BAF1-82357652A8DB}.Release|x86.ActiveCfg = Release|Win32
		{B2BF114C-986F-402B-BAF1-82357652A8DB}.Release|x86.Build.0 = Release|Win32
		{1B66A14F-B42E-43E6-A5F5-5D183B2B6BC6}.Debug|x64.ActiveCfg = Debug|x64
		{1B66A14F-B42E-43E6-A5F5-5D183B2B6BC6}.Debug|x64.Build.0 = Debug|x64
		{1B66A14F-B42E-43E6-A5F5-5D183B2B6BC6}.Debug|x86.ActiveCfg = Debug|Win32
		{1B66A14F-B42E-43E6-A5F5-5D183B2B6BC6}.Debug|x86.Build.0 = Debug|Win32
		{1B66A14F-B42E-43E6-A5F5-5D183B2B6BC6}.Release|x64.ActiveCfg = Release|x64
		{1B66A14F-B42E-43E6-A5F5-5D183B2B6BC6}.Release|x64.Build.0 = Release|x64
		{1B66A14F-B42E-43E6-A5F5-5D183B2B6BC6}.Release|x86.ActiveCfg = Release|Win32
		{1B66A14F-B42E-43E6-A5F5-5D183B2B6BC6}.Release|x86.Build.0 = Release|Win32
		{527821E2-1F89-41B6-9202-37993470CE73}.Debug|x64.ActiveCfg = Debug|x64
		{527821E2-1F89-41B6-9202-37993470CE73}.Debug|x64.Build.0 = Debug|x64
		{527821E2-1F89-41B6-9202-37993470CE73}.Debug|x86.ActiveCfg = Debug|Win32
		{527821E2-1F89-41B6-9202-37993470CE73}.Debug|x86.Build.0 = Debug|Win32
		{527821E2-1F89-41B6-9202-37993470CE73}.Release|x64.ActiveCfg = Release|x64
		{527821E2-1F89-41B6-9202-37993470CE73}.Release|x64.Build.0 = Release|x64
		{527821E2-1F89-41B6-9202-37993470CE73}.Release|x86.ActiveCfg = Release|Win32
		{527821E2-1F89-41B6-9202-37993470CE73}.Release|x86.Build.0 = Release|Win32
	EndGlobalSection
	GlobalSection(SolutionProperties) = preSolution
		HideSolutionNode = FALSE
	EndGlobalSection
	GlobalSection(ExtensibilityGlobals) = postSolution
		SolutionGuid = {BD894773-3B3A-4225-8026-3486118D8FB1}
	EndGlobalSection
EndGlobal
